
Microsoft Visual Studio Solution File, Format Version 12.00
# Visual Studio Version 17
VisualStudioVersion = 17.4.33213.308
MinimumVisualStudioVersion = 10.0.40219.1
Project("{9A19103F-16F7-4668-BE54-9A1E7A4F7556}") = "Training", "Training.csproj", "{9FAE7B7B-6907-4555-8ECB-C6AC1B0E10CC}"
EndProject
Project("{9A19103F-16F7-4668-BE54-9A1E7A4F7556}") = "StackTest", "StackTest\StackTest.csproj", "{A9B3A5CA-F09B-4FDA-8CE5-0102EA6743FA}"
EndProject
Global
	GlobalSection(SolutionConfigurationPlatforms) = preSolution
		Debug|Any CPU = Debug|Any CPU
		Release|Any CPU = Release|Any CPU
	EndGlobalSection
	GlobalSection(ProjectConfigurationPlatforms) = postSolution
		{9FAE7B7B-6907-4555-8ECB-C6AC1B0E10CC}.Debug|Any CPU.ActiveCfg = Debug|Any CPU
		{9FAE7B7B-6907-4555-8ECB-C6AC1B0E10CC}.Debug|Any CPU.Build.0 = Debug|Any CPU
		{9FAE7B7B-6907-4555-8ECB-C6AC1B0E10CC}.Release|Any CPU.ActiveCfg = Release|Any CPU
		{9FAE7B7B-6907-4555-8ECB-C6AC1B0E10CC}.Release|Any CPU.Build.0 = Release|Any CPU
		{A9B3A5CA-F09B-4FDA-8CE5-0102EA6743FA}.Debug|Any CPU.ActiveCfg = Debug|Any CPU
		{A9B3A5CA-F09B-4FDA-8CE5-0102EA6743FA}.Debug|Any CPU.Build.0 = Debug|Any CPU
		{A9B3A5CA-F09B-4FDA-8CE5-0102EA6743FA}.Release|Any CPU.ActiveCfg = Release|Any CPU
		{A9B3A5CA-F09B-4FDA-8CE5-0102EA6743FA}.Release|Any CPU.Build.0 = Release|Any CPU
	EndGlobalSection
	GlobalSection(SolutionProperties) = preSolution
		HideSolutionNode = FALSE
	EndGlobalSection
	GlobalSection(ExtensibilityGlobals) = postSolution
		SolutionGuid = {37F8E698-FB49-41FE-A80C-CCD78E3A51DE}
	EndGlobalSection
EndGlobal
